
Microsoft Visual Studio Solution File, Format Version 11.00
# Visual Studio 2010
Project("{FAE04EC0-301F-11D3-BF4B-00C04F79EFBC}") = "Assembly-CSharp", "Assembly-CSharp.csproj", "{f17273ad-4ac2-523e-e19a-74f82f167bd5}"
EndProject
Project("{FAE04EC0-301F-11D3-BF4B-00C04F79EFBC}") = "Assembly-CSharp-Editor", "Assembly-CSharp-Editor.csproj", "{899e2fcf-847c-ed84-bdbc-e8a97f52519a}"
EndProject
Global
	GlobalSection(SolutionConfigurationPlatforms) = preSolution
		Debug|Any CPU = Debug|Any CPU
	EndGlobalSection
	GlobalSection(ProjectConfigurationPlatforms) = postSolution
		{f17273ad-4ac2-523e-e19a-74f82f167bd5}.Debug|Any CPU.ActiveCfg = Debug|Any CPU
		{f17273ad-4ac2-523e-e19a-74f82f167bd5}.Debug|Any CPU.Build.0 = Debug|Any CPU
		{899e2fcf-847c-ed84-bdbc-e8a97f52519a}.Debug|Any CPU.ActiveCfg = Debug|Any CPU
		{899e2fcf-847c-ed84-bdbc-e8a97f52519a}.Debug|Any CPU.Build.0 = Debug|Any CPU
	EndGlobalSection
	GlobalSection(SolutionProperties) = preSolution
		HideSolutionNode = FALSE
	EndGlobalSection
EndGlobal
